
Microsoft Visual Studio Solution File, Format Version 12.00
# Visual Studio 15
VisualStudioVersion = 15.0.27703.2035
MinimumVisualStudioVersion = 10.0.40219.1
Project("{FAE04EC0-301F-11D3-BF4B-00C04F79EFBC}") = "cppacker", "cppacker.csproj", "{A0222FEB-26C2-4932-B0FD-A0FB4FD8F1ED}"
EndProject
Project("{FAE04EC0-301F-11D3-BF4B-00C04F79EFBC}") = "cppacker_Tests", "..\cppacker_Tests\cppacker_Tests.csproj", "{8EDF4429-251A-416D-BB68-93F227191BCF}"
EndProject
Project("{2150E333-8FDC-42A3-9474-1A3956D46DE8}") = "Tests", "Tests", "{CC0354B1-14EB-4DBA-BAEC-CBEADC43670F}"
EndProject
Global
	GlobalSection(SolutionConfigurationPlatforms) = preSolution
		Debug|Any CPU = Debug|Any CPU
		Release|Any CPU = Release|Any CPU
	EndGlobalSection
	GlobalSection(ProjectConfigurationPlatforms) = postSolution
		{A0222FEB-26C2-4932-B0FD-A0FB4FD8F1ED}.Debug|Any CPU.ActiveCfg = Debug|Any CPU
		{A0222FEB-26C2-4932-B0FD-A0FB4FD8F1ED}.Debug|Any CPU.Build.0 = Debug|Any CPU
		{A0222FEB-26C2-4932-B0FD-A0FB4FD8F1ED}.Release|Any CPU.ActiveCfg = Release|Any CPU
		{A0222FEB-26C2-4932-B0FD-A0FB4FD8F1ED}.Release|Any CPU.Build.0 = Release|Any CPU
		{8EDF4429-251A-416D-BB68-93F227191BCF}.Debug|Any CPU.ActiveCfg = Debug|Any CPU
		{8EDF4429-251A-416D-BB68-93F227191BCF}.Debug|Any CPU.Build.0 = Debug|Any CPU
		{8EDF4429-251A-416D-BB68-93F227191BCF}.Release|Any CPU.ActiveCfg = Release|Any CPU
		{8EDF4429-251A-416D-BB68-93F227191BCF}.Release|Any CPU.Build.0 = Release|Any CPU
	EndGlobalSection
	GlobalSection(SolutionProperties) = preSolution
		HideSolutionNode = FALSE
	EndGlobalSection
	GlobalSection(NestedProjects) = preSolution
		{8EDF4429-251A-416D-BB68-93F227191BCF} = {CC0354B1-14EB-4DBA-BAEC-CBEADC43670F}
	EndGlobalSection
	GlobalSection(ExtensibilityGlobals) = postSolution
		SolutionGuid = {5C1CCDDC-A462-4986-9CB3-D18523355B7A}
	EndGlobalSection
EndGlobal
